
Microsoft Visual Studio Solution File, Format Version 12.00
# Visual Studio Version 17
VisualStudioVersion = 17.6.33723.286
MinimumVisualStudioVersion = 10.0.40219.1
Project("{FAE04EC0-301F-11D3-BF4B-00C04F79EFBC}") = "pdc60ResourceDictionary.Android", "pdc60ResourceDictionary\pdc60ResourceDictionary.Android\pdc60ResourceDictionary.Android.csproj", "{6A0DCE6F-709D-4342-B4E4-8ADEA7C3F255}"
EndProject
Project("{FAE04EC0-301F-11D3-BF4B-00C04F79EFBC}") = "pdc60ResourceDictionary", "pdc60ResourceDictionary\pdc60ResourceDictionary\pdc60ResourceDictionary.csproj", "{5C8E1B2B-FFE9-4160-8DC5-65DF2EA1FC6E}"
EndProject
Global
	GlobalSection(SolutionConfigurationPlatforms) = preSolution
		Debug|Any CPU = Debug|Any CPU
		Release|Any CPU = Release|Any CPU
	EndGlobalSection
	GlobalSection(ProjectConfigurationPlatforms) = postSolution
		{6A0DCE6F-709D-4342-B4E4-8ADEA7C3F255}.Debug|Any CPU.ActiveCfg = Debug|Any CPU
		{6A0DCE6F-709D-4342-B4E4-8ADEA7C3F255}.Debug|Any CPU.Build.0 = Debug|Any CPU
		{6A0DCE6F-709D-4342-B4E4-8ADEA7C3F255}.Debug|Any CPU.Deploy.0 = Debug|Any CPU
		{6A0DCE6F-709D-4342-B4E4-8ADEA7C3F255}.Release|Any CPU.ActiveCfg = Release|Any CPU
		{6A0DCE6F-709D-4342-B4E4-8ADEA7C3F255}.Release|Any CPU.Build.0 = Release|Any CPU
		{6A0DCE6F-709D-4342-B4E4-8ADEA7C3F255}.Release|Any CPU.Deploy.0 = Release|Any CPU
		{5C8E1B2B-FFE9-4160-8DC5-65DF2EA1FC6E}.Debug|Any CPU.ActiveCfg = Debug|Any CPU
		{5C8E1B2B-FFE9-4160-8DC5-65DF2EA1FC6E}.Debug|Any CPU.Build.0 = Debug|Any CPU
		{5C8E1B2B-FFE9-4160-8DC5-65DF2EA1FC6E}.Debug|Any CPU.Deploy.0 = Debug|Any CPU
		{5C8E1B2B-FFE9-4160-8DC5-65DF2EA1FC6E}.Release|Any CPU.ActiveCfg = Release|Any CPU
		{5C8E1B2B-FFE9-4160-8DC5-65DF2EA1FC6E}.Release|Any CPU.Build.0 = Release|Any CPU
		{5C8E1B2B-FFE9-4160-8DC5-65DF2EA1FC6E}.Release|Any CPU.Deploy.0 = Release|Any CPU
	EndGlobalSection
	GlobalSection(SolutionProperties) = preSolution
		HideSolutionNode = FALSE
	EndGlobalSection
	GlobalSection(ExtensibilityGlobals) = postSolution
		SolutionGuid = {A85A06EB-1925-4DDD-AB42-19A49C6E2A1F}
	EndGlobalSection
EndGlobal
